// !$*UTF8*$!
{
	archiveVersion = 1;
	classes = {
	};
	objectVersion = 50;
	objects = {

/* Begin PBXBuildFile section */
		9CF58249250FF684002A0805 /* AppDelegate.swift in Sources */ = {isa = PBXBuildFile; fileRef = 9CF58248250FF684002A0805 /* AppDelegate.swift */; };
		9CF5824D250FF684002A0805 /* TravelLocationsMapViewController.swift in Sources */ = {isa = PBXBuildFile; fileRef = 9CF5824C250FF684002A0805 /* TravelLocationsMapViewController.swift */; };
		9CF58250250FF684002A0805 /* Main.storyboard in Resources */ = {isa = PBXBuildFile; fileRef = 9CF5824E250FF684002A0805 /* Main.storyboard */; };
		9CF58252250FF685002A0805 /* Assets.xcassets in Resources */ = {isa = PBXBuildFile; fileRef = 9CF58251250FF685002A0805 /* Assets.xcassets */; };
		9CF58255250FF685002A0805 /* LaunchScreen.storyboard in Resources */ = {isa = PBXBuildFile; fileRef = 9CF58253250FF685002A0805 /* LaunchScreen.storyboard */; };
		9CF582612511F065002A0805 /* PhotoAlbumViewController.swift in Sources */ = {isa = PBXBuildFile; fileRef = 9CF582602511F065002A0805 /* PhotoAlbumViewController.swift */; };
		9CF582652513C39E002A0805 /* PhotoCollectionViewCell.swift in Sources */ = {isa = PBXBuildFile; fileRef = 9CF582642513C39E002A0805 /* PhotoCollectionViewCell.swift */; };
		9CF5826A25149124002A0805 /* VirtualTourist.xcdatamodeld in Sources */ = {isa = PBXBuildFile; fileRef = 9CF5826825149124002A0805 /* VirtualTourist.xcdatamodeld */; };
		9CF5826C2515E2F5002A0805 /* DataController.swift in Sources */ = {isa = PBXBuildFile; fileRef = 9CF5826B2515E2F5002A0805 /* DataController.swift */; };
		9CF5826E251601F4002A0805 /* Pin+Extension.swift in Sources */ = {isa = PBXBuildFile; fileRef = 9CF5826D251601F4002A0805 /* Pin+Extension.swift */; };
		9CF5827025173CC5002A0805 /* PhotoDataSource.swift in Sources */ = {isa = PBXBuildFile; fileRef = 9CF5826F25173CC5002A0805 /* PhotoDataSource.swift */; };
		9CF5827225173DA5002A0805 /* FlickrGateway.swift in Sources */ = {isa = PBXBuildFile; fileRef = 9CF5827125173DA5002A0805 /* FlickrGateway.swift */; };
		9CF58276251741D0002A0805 /* Keys.plist in Resources */ = {isa = PBXBuildFile; fileRef = 9CF58275251741D0002A0805 /* Keys.plist */; };
		9CF5827A251A3D3F002A0805 /* Photo+Extension.swift in Sources */ = {isa = PBXBuildFile; fileRef = 9CF58279251A3D3F002A0805 /* Photo+Extension.swift */; };
		9CF5827C251A5463002A0805 /* PinDataSource.swift in Sources */ = {isa = PBXBuildFile; fileRef = 9CF5827B251A5463002A0805 /* PinDataSource.swift */; };
/* End PBXBuildFile section */

/* Begin PBXFileReference section */
		9CF58245250FF684002A0805 /* VirtualTourist.app */ = {isa = PBXFileReference; explicitFileType = wrapper.application; includeInIndex = 0; path = VirtualTourist.app; sourceTree = BUILT_PRODUCTS_DIR; };
		9CF58248250FF684002A0805 /* AppDelegate.swift */ = {isa = PBXFileReference; lastKnownFileType = sourcecode.swift; path = AppDelegate.swift; sourceTree = "<group>"; };
		9CF5824C250FF684002A0805 /* TravelLocationsMapViewController.swift */ = {isa = PBXFileReference; lastKnownFileType = sourcecode.swift; path = TravelLocationsMapViewController.swift; sourceTree = "<group>"; };
		9CF5824F250FF684002A0805 /* Base */ = {isa = PBXFileReference; lastKnownFileType = file.storyboard; name = Base; path = Base.lproj/Main.storyboard; sourceTree = "<group>"; };
		9CF58251250FF685002A0805 /* Assets.xcassets */ = {isa = PBXFileReference; lastKnownFileType = folder.assetcatalog; path = Assets.xcassets; sourceTree = "<group>"; };
		9CF58254250FF685002A0805 /* Base */ = {isa = PBXFileReference; lastKnownFileType = file.storyboard; name = Base; path = Base.lproj/LaunchScreen.storyboard; sourceTree = "<group>"; };
		9CF58256250FF685002A0805 /* Info.plist */ = {isa = PBXFileReference; lastKnownFileType = text.plist.xml; path = Info.plist; sourceTree = "<group>"; };
		9CF582602511F065002A0805 /* PhotoAlbumViewController.swift */ = {isa = PBXFileReference; lastKnownFileType = sourcecode.swift; path = PhotoAlbumViewController.swift; sourceTree = "<group>"; };
		9CF582642513C39E002A0805 /* PhotoCollectionViewCell.swift */ = {isa = PBXFileReference; lastKnownFileType = sourcecode.swift; path = PhotoCollectionViewCell.swift; sourceTree = "<group>"; };
		9CF5826925149124002A0805 /* VirtualTourist.xcdatamodel */ = {isa = PBXFileReference; lastKnownFileType = wrapper.xcdatamodel; path = VirtualTourist.xcdatamodel; sourceTree = "<group>"; };
		9CF5826B2515E2F5002A0805 /* DataController.swift */ = {isa = PBXFileReference; lastKnownFileType = sourcecode.swift; path = DataController.swift; sourceTree = "<group>"; };
		9CF5826D251601F4002A0805 /* Pin+Extension.swift */ = {isa = PBXFileReference; lastKnownFileType = sourcecode.swift; path = "Pin+Extension.swift"; sourceTree = "<group>"; };
		9CF5826F25173CC5002A0805 /* PhotoDataSource.swift */ = {isa = PBXFileReference; lastKnownFileType = sourcecode.swift; path = PhotoDataSource.swift; sourceTree = "<group>"; };
		9CF5827125173DA5002A0805 /* FlickrGateway.swift */ = {isa = PBXFileReference; lastKnownFileType = sourcecode.swift; path = FlickrGateway.swift; sourceTree = "<group>"; };
		9CF58275251741D0002A0805 /* Keys.plist */ = {isa = PBXFileReference; lastKnownFileType = text.plist.xml; path = Keys.plist; sourceTree = "<group>"; };
		9CF58279251A3D3F002A0805 /* Photo+Extension.swift */ = {isa = PBXFileReference; lastKnownFileType = sourcecode.swift; path = "Photo+Extension.swift"; sourceTree = "<group>"; };
		9CF5827B251A5463002A0805 /* PinDataSource.swift */ = {isa = PBXFileReference; lastKnownFileType = sourcecode.swift; path = PinDataSource.swift; sourceTree = "<group>"; };
/* End PBXFileReference section */

/* Begin PBXFrameworksBuildPhase section */
		9CF58242250FF684002A0805 /* Frameworks */ = {
			isa = PBXFrameworksBuildPhase;
			buildActionMask = 2147483647;
			files = (
			);
			runOnlyForDeploymentPostprocessing = 0;
		};
/* End PBXFrameworksBuildPhase section */

/* Begin PBXGroup section */
		9CF5823C250FF684002A0805 = {
			isa = PBXGroup;
			children = (
				9CF58247250FF684002A0805 /* VirtualTourist */,
				9CF58246250FF684002A0805 /* Products */,
			);
			sourceTree = "<group>";
		};
		9CF58246250FF684002A0805 /* Products */ = {
			isa = PBXGroup;
			children = (
				9CF58245250FF684002A0805 /* VirtualTourist.app */,
			);
			name = Products;
			sourceTree = "<group>";
		};
		9CF58247250FF684002A0805 /* VirtualTourist */ = {
			isa = PBXGroup;
			children = (
				9CF58256250FF685002A0805 /* Info.plist */,
				9CF58248250FF684002A0805 /* AppDelegate.swift */,
				9CF5825E2510DF88002A0805 /* Model */,
				9CF5825D2510DF7F002A0805 /* Controller */,
				9CF5825C2510DF6E002A0805 /* View */,
				9CF5825F2510DF9E002A0805 /* Assets */,
			);
			path = VirtualTourist;
			sourceTree = "<group>";
		};
		9CF5825C2510DF6E002A0805 /* View */ = {
			isa = PBXGroup;
			children = (
				9CF5824E250FF684002A0805 /* Main.storyboard */,
				9CF58253250FF685002A0805 /* LaunchScreen.storyboard */,
			);
			path = View;
			sourceTree = "<group>";
		};
		9CF5825D2510DF7F002A0805 /* Controller */ = {
			isa = PBXGroup;
			children = (
				9CF5824C250FF684002A0805 /* TravelLocationsMapViewController.swift */,
				9CF582602511F065002A0805 /* PhotoAlbumViewController.swift */,
				9CF582642513C39E002A0805 /* PhotoCollectionViewCell.swift */,
			);
			path = Controller;
			sourceTree = "<group>";
		};
		9CF5825E2510DF88002A0805 /* Model */ = {
			isa = PBXGroup;
			children = (
				9CF5826825149124002A0805 /* VirtualTourist.xcdatamodeld */,
				9CF5826D251601F4002A0805 /* Pin+Extension.swift */,
				9CF58279251A3D3F002A0805 /* Photo+Extension.swift */,
				9CF5826B2515E2F5002A0805 /* DataController.swift */,
				9CF5827125173DA5002A0805 /* FlickrGateway.swift */,
				9CF5827B251A5463002A0805 /* PinDataSource.swift */,
				9CF5826F25173CC5002A0805 /* PhotoDataSource.swift */,
			);
			path = Model;
			sourceTree = "<group>";
		};
		9CF5825F2510DF9E002A0805 /* Assets */ = {
			isa = PBXGroup;
			children = (
				9CF58251250FF685002A0805 /* Assets.xcassets */,
				9CF58275251741D0002A0805 /* Keys.plist */,
			);
			path = Assets;
			sourceTree = "<group>";
		};
/* End PBXGroup section */

/* Begin PBXNativeTarget section */
		9CF58244250FF684002A0805 /* VirtualTourist */ = {
			isa = PBXNativeTarget;
			buildConfigurationList = 9CF58259250FF685002A0805 /* Build configuration list for PBXNativeTarget "VirtualTourist" */;
			buildPhases = (
				9CF58241250FF684002A0805 /* Sources */,
				9CF58242250FF684002A0805 /* Frameworks */,
				9CF58243250FF684002A0805 /* Resources */,
			);
			buildRules = (
			);
			dependencies = (
			);
			name = VirtualTourist;
			productName = VirtualTourist;
			productReference = 9CF58245250FF684002A0805 /* VirtualTourist.app */;
			productType = "com.apple.product-type.application";
		};
/* End PBXNativeTarget section */

/* Begin PBXProject section */
		9CF5823D250FF684002A0805 /* Project object */ = {
			isa = PBXProject;
			attributes = {
				LastSwiftUpdateCheck = 1170;
				LastUpgradeCheck = 1170;
				ORGANIZATIONNAME = "Márcio Oliveira";
				TargetAttributes = {
					9CF58244250FF684002A0805 = {
						CreatedOnToolsVersion = 11.7;
					};
				};
			};
			buildConfigurationList = 9CF58240250FF684002A0805 /* Build configuration list for PBXProject "VirtualTourist" */;
			compatibilityVersion = "Xcode 9.3";
			developmentRegion = en;
			hasScannedForEncodings = 0;
			knownRegions = (
				en,
				Base,
			);
			mainGroup = 9CF5823C250FF684002A0805;
			productRefGroup = 9CF58246250FF684002A0805 /* Products */;
			projectDirPath = "";
			projectRoot = "";
			targets = (
				9CF58244250FF684002A0805 /* VirtualTourist */,
			);
		};
/* End PBXProject section */

/* Begin PBXResourcesBuildPhase section */
		9CF58243250FF684002A0805 /* Resources */ = {
			isa = PBXResourcesBuildPhase;
			buildActionMask = 2147483647;
			files = (
				9CF58276251741D0002A0805 /* Keys.plist in Resources */,
				9CF58255250FF685002A0805 /* LaunchScreen.storyboard in Resources */,
				9CF58252250FF685002A0805 /* Assets.xcassets in Resources */,
				9CF58250250FF684002A0805 /* Main.storyboard in Resources */,
			);
			runOnlyForDeploymentPostprocessing = 0;
		};
/* End PBXResourcesBuildPhase section */

/* Begin PBXSourcesBuildPhase section */
		9CF58241250FF684002A0805 /* Sources */ = {
			isa = PBXSourcesBuildPhase;
			buildActionMask = 2147483647;
			files = (
				9CF5826C2515E2F5002A0805 /* DataController.swift in Sources */,
				9CF5824D250FF684002A0805 /* TravelLocationsMapViewController.swift in Sources */,
				9CF5827C251A5463002A0805 /* PinDataSource.swift in Sources */,
				9CF582652513C39E002A0805 /* PhotoCollectionViewCell.swift in Sources */,
				9CF5826E251601F4002A0805 /* Pin+Extension.swift in Sources */,
				9CF5827A251A3D3F002A0805 /* Photo+Extension.swift in Sources */,
				9CF5827225173DA5002A0805 /* FlickrGateway.swift in Sources */,
				9CF5826A25149124002A0805 /* VirtualTourist.xcdatamodeld in Sources */,
				9CF58249250FF684002A0805 /* AppDelegate.swift in Sources */,
				9CF5827025173CC5002A0805 /* PhotoDataSource.swift in Sources */,
				9CF582612511F065002A0805 /* PhotoAlbumViewController.swift in Sources */,
			);
			runOnlyForDeploymentPostprocessing = 0;
		};
/* End PBXSourcesBuildPhase section */

/* Begin PBXVariantGroup section */
		9CF5824E250FF684002A0805 /* Main.storyboard */ = {
			isa = PBXVariantGroup;
			children = (
				9CF5824F250FF684002A0805 /* Base */,
			);
			name = Main.storyboard;
			sourceTree = "<group>";
		};
		9CF58253250FF685002A0805 /* LaunchScreen.storyboard */ = {
			isa = PBXVariantGroup;
			children = (
				9CF58254250FF685002A0805 /* Base */,
			);
			name = LaunchScreen.storyboard;
			sourceTree = "<group>";
		};
/* End PBXVariantGroup section */

/* Begin XCBuildConfiguration section */
		9CF58257250FF685002A0805 /* Debug */ = {
			isa = XCBuildConfiguration;
			buildSettings = {
				ALWAYS_SEARCH_USER_PATHS = NO;
				CLANG_ANALYZER_NONNULL = YES;
				CLANG_ANALYZER_NUMBER_OBJECT_CONVERSION = YES_AGGRESSIVE;
				CLANG_CXX_LANGUAGE_STANDARD = "gnu++14";
				CLANG_CXX_LIBRARY = "libc++";
				CLANG_ENABLE_MODULES = YES;
				CLANG_ENABLE_OBJC_ARC = YES;
				CLANG_ENABLE_OBJC_WEAK = YES;
				CLANG_WARN_BLOCK_CAPTURE_AUTORELEASING = YES;
				CLANG_WARN_BOOL_CONVERSION = YES;
				CLANG_WARN_COMMA = YES;
				CLANG_WARN_CONSTANT_CONVERSION = YES;
				CLANG_WARN_DEPRECATED_OBJC_IMPLEMENTATIONS = YES;
				CLANG_WARN_DIRECT_OBJC_ISA_USAGE = YES_ERROR;
				CLANG_WARN_DOCUMENTATION_COMMENTS = YES;
				CLANG_WARN_EMPTY_BODY = YES;
				CLANG_WARN_ENUM_CONVERSION = YES;
				CLANG_WARN_INFINITE_RECURSION = YES;
				CLANG_WARN_INT_CONVERSION = YES;
				CLANG_WARN_NON_LITERAL_NULL_CONVERSION = YES;
				CLANG_WARN_OBJC_IMPLICIT_RETAIN_SELF = YES;
				CLANG_WARN_OBJC_LITERAL_CONVERSION = YES;
				CLANG_WARN_OBJC_ROOT_CLASS = YES_ERROR;
				CLANG_WARN_RANGE_LOOP_ANALYSIS = YES;
				CLANG_WARN_STRICT_PROTOTYPES = YES;
				CLANG_WARN_SUSPICIOUS_MOVE = YES;
				CLANG_WARN_UNGUARDED_AVAILABILITY = YES_AGGRESSIVE;
				CLANG_WARN_UNREACHABLE_CODE = YES;
				CLANG_WARN__DUPLICATE_METHOD_MATCH = YES;
				COPY_PHASE_STRIP = NO;
				DEBUG_INFORMATION_FORMAT = dwarf;
				ENABLE_STRICT_OBJC_MSGSEND = YES;
				ENABLE_TESTABILITY = YES;
				GCC_C_LANGUAGE_STANDARD = gnu11;
				GCC_DYNAMIC_NO_PIC = NO;
				GCC_NO_COMMON_BLOCKS = YES;
				GCC_OPTIMIZATION_LEVEL = 0;
				GCC_PREPROCESSOR_DEFINITIONS = (
					"DEBUG=1",
					"$(inherited)",
				);
				GCC_WARN_64_TO_32_BIT_CONVERSION = YES;
				GCC_WARN_ABOUT_RETURN_TYPE = YES_ERROR;
				GCC_WARN_UNDECLARED_SELECTOR = YES;
				GCC_WARN_UNINITIALIZED_AUTOS = YES_AGGRESSIVE;
				GCC_WARN_UNUSED_FUNCTION = YES;
				GCC_WARN_UNUSED_VARIABLE = YES;
				IPHONEOS_DEPLOYMENT_TARGET = 13.7;
				MTL_ENABLE_DEBUG_INFO = INCLUDE_SOURCE;
				MTL_FAST_MATH = YES;
				ONLY_ACTIVE_ARCH = YES;
				SDKROOT = iphoneos;
				SWIFT_ACTIVE_COMPILATION_CONDITIONS = DEBUG;
				SWIFT_OPTIMIZATION_LEVEL = "-Onone";
			};
			name = Debug;
		};
		9CF58258250FF685002A0805 /* Release */ = {
			isa = XCBuildConfiguration;
			buildSettings = {
				ALWAYS_SEARCH_USER_PATHS = NO;
				CLANG_ANALYZER_NONNULL = YES;
				CLANG_ANALYZER_NUMBER_OBJECT_CONVERSION = YES_AGGRESSIVE;
				CLANG_CXX_LANGUAGE_STANDARD = "gnu++14";
				CLANG_CXX_LIBRARY = "libc++";
				CLANG_ENABLE_MODULES = YES;
				CLANG_ENABLE_OBJC_ARC = YES;
				CLANG_ENABLE_OBJC_WEAK = YES;
				CLANG_WARN_BLOCK_CAPTURE_AUTORELEASING = YES;
				CLANG_WARN_BOOL_CONVERSION = YES;
				CLANG_WARN_COMMA = YES;
				CLANG_WARN_CONSTANT_CONVERSION = YES;
				CLANG_WARN_DEPRECATED_OBJC_IMPLEMENTATIONS = YES;
				CLANG_WARN_DIRECT_OBJC_ISA_USAGE = YES_ERROR;
				CLANG_WARN_DOCUMENTATION_COMMENTS = YES;
				CLANG_WARN_EMPTY_BODY = YES;
				CLANG_WARN_ENUM_CONVERSION = YES;
				CLANG_WARN_INFINITE_RECURSION = YES;
				CLANG_WARN_INT_CONVERSION = YES;
				CLANG_WARN_NON_LITERAL_NULL_CONVERSION = YES;
				CLANG_WARN_OBJC_IMPLICIT_RETAIN_SELF = YES;
				CLANG_WARN_OBJC_LITERAL_CONVERSION = YES;
				CLANG_WARN_OBJC_ROOT_CLASS = YES_ERROR;
				CLANG_WARN_RANGE_LOOP_ANALYSIS = YES;
				CLANG_WARN_STRICT_PROTOTYPES = YES;
				CLANG_WARN_SUSPICIOUS_MOVE = YES;
				CLANG_WARN_UNGUARDED_AVAILABILITY = YES_AGGRESSIVE;
				CLANG_WARN_UNREACHABLE_CODE = YES;
				CLANG_WARN__DUPLICATE_METHOD_MATCH = YES;
				COPY_PHASE_STRIP = NO;
				DEBUG_INFORMATION_FORMAT = "dwarf-with-dsym";
				ENABLE_NS_ASSERTIONS = NO;
				ENABLE_STRICT_OBJC_MSGSEND = YES;
				GCC_C_LANGUAGE_STANDARD = gnu11;
				GCC_NO_COMMON_BLOCKS = YES;
				GCC_WARN_64_TO_32_BIT_CONVERSION = YES;
				GCC_WARN_ABOUT_RETURN_TYPE = YES_ERROR;
				GCC_WARN_UNDECLARED_SELECTOR = YES;
				GCC_WARN_UNINITIALIZED_AUTOS = YES_AGGRESSIVE;
				GCC_WARN_UNUSED_FUNCTION = YES;
				GCC_WARN_UNUSED_VARIABLE = YES;
				IPHONEOS_DEPLOYMENT_TARGET = 13.7;
				MTL_ENABLE_DEBUG_INFO = NO;
				MTL_FAST_MATH = YES;
				SDKROOT = iphoneos;
				SWIFT_COMPILATION_MODE = wholemodule;
				SWIFT_OPTIMIZATION_LEVEL = "-O";
				VALIDATE_PRODUCT = YES;
			};
			name = Release;
		};
		9CF5825A250FF685002A0805 /* Debug */ = {
			isa = XCBuildConfiguration;
			buildSettings = {
				ASSETCATALOG_COMPILER_APPICON_NAME = AppIcon;
				CODE_SIGN_STYLE = Automatic;
				DEVELOPMENT_TEAM = 36PZ948353;
				INFOPLIST_FILE = VirtualTourist/Info.plist;
				LD_RUNPATH_SEARCH_PATHS = (
					"$(inherited)",
					"@executable_path/Frameworks",
				);
				PRODUCT_BUNDLE_IDENTIFIER = com.marcio.VirtualTourist;
				PRODUCT_NAME = "$(TARGET_NAME)";
				SWIFT_VERSION = 5.0;
				TARGETED_DEVICE_FAMILY = "1,2";
			};
			name = Debug;
		};
		9CF5825B250FF685002A0805 /* Release */ = {
			isa = XCBuildConfiguration;
			buildSettings = {
				ASSETCATALOG_COMPILER_APPICON_NAME = AppIcon;
				CODE_SIGN_STYLE = Automatic;
				DEVELOPMENT_TEAM = 36PZ948353;
				INFOPLIST_FILE = VirtualTourist/Info.plist;
				LD_RUNPATH_SEARCH_PATHS = (
					"$(inherited)",
					"@executable_path/Frameworks",
				);
				PRODUCT_BUNDLE_IDENTIFIER = com.marcio.VirtualTourist;
				PRODUCT_NAME = "$(TARGET_NAME)";
				SWIFT_VERSION = 5.0;
				TARGETED_DEVICE_FAMILY = "1,2";
			};
			name = Release;
		};
/* End XCBuildConfiguration section */

/* Begin XCConfigurationList section */
		9CF58240250FF684002A0805 /* Build configuration list for PBXProject "VirtualTourist" */ = {
			isa = XCConfigurationList;
			buildConfigurations = (
				9CF58257250FF685002A0805 /* Debug */,
				9CF58258250FF685002A0805 /* Release */,
			);
			defaultConfigurationIsVisible = 0;
			defaultConfigurationName = Release;
		};
		9CF58259250FF685002A0805 /* Build configuration list for PBXNativeTarget "VirtualTourist" */ = {
			isa = XCConfigurationList;
			buildConfigurations = (
				9CF5825A250FF685002A0805 /* Debug */,
				9CF5825B250FF685002A0805 /* Release */,
			);
			defaultConfigurationIsVisible = 0;
			defaultConfigurationName = Release;
		};
/* End XCConfigurationList section */

/* Begin XCVersionGroup section */
		9CF5826825149124002A0805 /* VirtualTourist.xcdatamodeld */ = {
			isa = XCVersionGroup;
			children = (
				9CF5826925149124002A0805 /* VirtualTourist.xcdatamodel */,
			);
			currentVersion = 9CF5826925149124002A0805 /* VirtualTourist.xcdatamodel */;
			path = VirtualTourist.xcdatamodeld;
			sourceTree = "<group>";
			versionGroupType = wrapper.xcdatamodel;
		};
/* End XCVersionGroup section */
	};
	rootObject = 9CF5823D250FF684002A0805 /* Project object */;
}
